
Microsoft Visual Studio Solution File, Format Version 11.00
# Visual Studio 2010
Project("{FAE04EC0-301F-11D3-BF4B-00C04F79EFBC}") = "JogodaForca", "JogodaForca\JogodaForca.csproj", "{FA9D65C0-912E-4778-B316-9FC32F0677CD}"
EndProject
Global
	GlobalSection(SolutionConfigurationPlatforms) = preSolution
		Debug|x86 = Debug|x86
		Release|x86 = Release|x86
	EndGlobalSection
	GlobalSection(ProjectConfigurationPlatforms) = postSolution
		{FA9D65C0-912E-4778-B316-9FC32F0677CD}.Debug|x86.ActiveCfg = Debug|x86
		{FA9D65C0-912E-4778-B316-9FC32F0677CD}.Debug|x86.Build.0 = Debug|x86
		{FA9D65C0-912E-4778-B316-9FC32F0677CD}.Release|x86.ActiveCfg = Release|x86
		{FA9D65C0-912E-4778-B316-9FC32F0677CD}.Release|x86.Build.0 = Release|x86
	EndGlobalSection
	GlobalSection(SolutionProperties) = preSolution
		HideSolutionNode = FALSE
	EndGlobalSection
EndGlobal
