
Microsoft Visual Studio Solution File, Format Version 11.00
# Visual Studio 2010
Project("{FAE04EC0-301F-11D3-BF4B-00C04F79EFBC}") = "Campo Minado", "Campo Minado\Campo Minado.csproj", "{CC9B3A67-EDC8-4971-B9C0-E29F5F8A9725}"
EndProject
Global
	GlobalSection(SolutionConfigurationPlatforms) = preSolution
		Debug|x86 = Debug|x86
		Release|x86 = Release|x86
	EndGlobalSection
	GlobalSection(ProjectConfigurationPlatforms) = postSolution
		{CC9B3A67-EDC8-4971-B9C0-E29F5F8A9725}.Debug|x86.ActiveCfg = Debug|x86
		{CC9B3A67-EDC8-4971-B9C0-E29F5F8A9725}.Debug|x86.Build.0 = Debug|x86
		{CC9B3A67-EDC8-4971-B9C0-E29F5F8A9725}.Release|x86.ActiveCfg = Release|x86
		{CC9B3A67-EDC8-4971-B9C0-E29F5F8A9725}.Release|x86.Build.0 = Release|x86
	EndGlobalSection
	GlobalSection(SolutionProperties) = preSolution
		HideSolutionNode = FALSE
	EndGlobalSection
EndGlobal
